Apache-2.0|9b5d06819e035f3b85653694ceb59e7a605238bebe86f40610489e6f4dcd1598|https://raw.githubusercontent.com/spdx/license-list-data/v3.28.0/text/Apache-2.0.txt
BSD-2-Clause|07d5b668915cb8d0487d16b6c216d2104ca0be0bc993a9f074304ffa7543a800|https://raw.githubusercontent.com/spdx/license-list-data/v3.28.0/text/BSD-2-Clause.txt
BSD-3-Clause|445de0a75c8f679f98340f7439f9780bf24df06170558f739ee8805da7e24f63|https://raw.githubusercontent.com/spdx/license-list-data/v3.28.0/text/BSD-3-Clause.txt
GPL-2.0-only|c3a10c0524956310f7a20c173d184a581e53be7595b5f4839862547700202923|https://raw.githubusercontent.com/spdx/license-list-data/v3.28.0/text/GPL-2.0-only.txt
GPL-2.0-or-later|c3a10c0524956310f7a20c173d184a581e53be7595b5f4839862547700202923|https://raw.githubusercontent.com/spdx/license-list-data/v3.28.0/text/GPL-2.0-or-later.txt
MIT|d559b53cccdde67c70b9034df6e7763b3d64aeac3de6f2e5862d314320236758|https://raw.githubusercontent.com/spdx/license-list-data/v3.28.0/text/MIT.txt
MPL-2.0|98a94e42e9f8daeef7c0e64b3b3d8958291a337bbfbfa0c9c382eb0b80a6a231|https://raw.githubusercontent.com/spdx/license-list-data/v3.28.0/text/MPL-2.0.txt
Zlib|b0f75552201ac10425baa8602f0f37b4139a881c9a287e624179da530bf8ba2d|https://raw.githubusercontent.com/spdx/license-list-data/v3.28.0/text/Zlib.txt
